
Microsoft Visual Studio Solution File, Format Version 12.00
# Visual Studio 16
Project("{FAE04EC0-301F-11D3-BF4B-00C04F79EFBC}") = "Assembly-CSharp", "Assembly-CSharp.csproj", "{E3769A4A-A57B-5F3D-E641-46FBEEDD8C4F}"
EndProject
Project("{FAE04EC0-301F-11D3-BF4B-00C04F79EFBC}") = "NavMeshComponents", "NavMeshComponents.csproj", "{A6665E12-C704-707B-B1C4-BBEC160D23A3}"
EndProject
Project("{FAE04EC0-301F-11D3-BF4B-00C04F79EFBC}") = "NavMeshComponentsEditor", "NavMeshComponentsEditor.csproj", "{45F0B440-105F-F56B-1B32-88A322BFA559}"
EndProject
Project("{FAE04EC0-301F-11D3-BF4B-00C04F79EFBC}") = "Assembly-CSharp-Editor", "Assembly-CSharp-Editor.csproj", "{75CC7922-4CB9-15D0-BEB8-FE29B4C9B300}"
EndProject
Global
	GlobalSection(SolutionConfigurationPlatforms) = preSolution
		Debug|Any CPU = Debug|Any CPU
		Release|Any CPU = Release|Any CPU
	EndGlobalSection
	GlobalSection(ProjectConfigurationPlatforms) = postSolution
		{E3769A4A-A57B-5F3D-E641-46FBEEDD8C4F}.Debug|Any CPU.ActiveCfg = Debug|Any CPU
		{E3769A4A-A57B-5F3D-E641-46FBEEDD8C4F}.Debug|Any CPU.Build.0 = Debug|Any CPU
		{E3769A4A-A57B-5F3D-E641-46FBEEDD8C4F}.Release|Any CPU.ActiveCfg = Release|Any CPU
		{E3769A4A-A57B-5F3D-E641-46FBEEDD8C4F}.Release|Any CPU.Build.0 = Release|Any CPU
		{A6665E12-C704-707B-B1C4-BBEC160D23A3}.Debug|Any CPU.ActiveCfg = Debug|Any CPU
		{A6665E12-C704-707B-B1C4-BBEC160D23A3}.Debug|Any CPU.Build.0 = Debug|Any CPU
		{A6665E12-C704-707B-B1C4-BBEC160D23A3}.Release|Any CPU.ActiveCfg = Release|Any CPU
		{A6665E12-C704-707B-B1C4-BBEC160D23A3}.Release|Any CPU.Build.0 = Release|Any CPU
		{45F0B440-105F-F56B-1B32-88A322BFA559}.Debug|Any CPU.ActiveCfg = Debug|Any CPU
		{45F0B440-105F-F56B-1B32-88A322BFA559}.Debug|Any CPU.Build.0 = Debug|Any CPU
		{45F0B440-105F-F56B-1B32-88A322BFA559}.Release|Any CPU.ActiveCfg = Release|Any CPU
		{45F0B440-105F-F56B-1B32-88A322BFA559}.Release|Any CPU.Build.0 = Release|Any CPU
		{75CC7922-4CB9-15D0-BEB8-FE29B4C9B300}.Debug|Any CPU.ActiveCfg = Debug|Any CPU
		{75CC7922-4CB9-15D0-BEB8-FE29B4C9B300}.Debug|Any CPU.Build.0 = Debug|Any CPU
		{75CC7922-4CB9-15D0-BEB8-FE29B4C9B300}.Release|Any CPU.ActiveCfg = Release|Any CPU
		{75CC7922-4CB9-15D0-BEB8-FE29B4C9B300}.Release|Any CPU.Build.0 = Release|Any CPU
	EndGlobalSection
	GlobalSection(SolutionProperties) = preSolution
		HideSolutionNode = FALSE
	EndGlobalSection
	GlobalSection(MonoDevelopProperties) = preSolution
		StartupItem = Assembly-CSharp.csproj
	EndGlobalSection
EndGlobal
